// !$*UTF8*$!
{
	archiveVersion = 1;
	classes = {
	};
	objectVersion = 51;
	objects = {

/* Begin PBXBuildFile section */
		6336C796247114700014F751 /* AppDelegate.swift in Sources */ = {isa = PBXBuildFile; fileRef = 6336C795247114700014F751 /* AppDelegate.swift */; };
		6336C798247114700014F751 /* SceneDelegate.swift in Sources */ = {isa = PBXBuildFile; fileRef = 6336C797247114700014F751 /* SceneDelegate.swift */; };
		6336C79A247114700014F751 /* ViewController.swift in Sources */ = {isa = PBXBuildFile; fileRef = 6336C799247114700014F751 /* ViewController.swift */; };
		6336C79D247114700014F751 /* Main.storyboard in Resources */ = {isa = PBXBuildFile; fileRef = 6336C79B247114700014F751 /* Main.storyboard */; };
		6336C79F247114710014F751 /* Assets.xcassets in Resources */ = {isa = PBXBuildFile; fileRef = 6336C79E247114710014F751 /* Assets.xcassets */; };
		6336C7A2247114710014F751 /* LaunchScreen.storyboard in Resources */ = {isa = PBXBuildFile; fileRef = 6336C7A0247114710014F751 /* LaunchScreen.storyboard */; };
		634D29A3247A14820007C7A1 /* Question.swift in Sources */ = {isa = PBXBuildFile; fileRef = 634D29A2247A14820007C7A1 /* Question.swift */; };
		634D29A5247A154A0007C7A1 /* QuestionBank.swift in Sources */ = {isa = PBXBuildFile; fileRef = 634D29A4247A154A0007C7A1 /* QuestionBank.swift */; };
		634D29AD247A22DE0007C7A1 /* ProgressHUD.bundle in Resources */ = {isa = PBXBuildFile; fileRef = 634D29AA247A22DD0007C7A1 /* ProgressHUD.bundle */; };
		634D29AE247A22DE0007C7A1 /* ProgressHUD.m in Sources */ = {isa = PBXBuildFile; fileRef = 634D29AB247A22DE0007C7A1 /* ProgressHUD.m */; };
		D0E9C7F3343AC8CB75CB65DC /* Pods_HelloMyApp.framework in Frameworks */ = {isa = PBXBuildFile; fileRef = B04484008D91D47534B8F6FD /* Pods_HelloMyApp.framework */; };
/* End PBXBuildFile section */

/* Begin PBXFileReference section */
		6336C792247114700014F751 /* HelloMyApp.app */ = {isa = PBXFileReference; explicitFileType = wrapper.application; includeInIndex = 0; path = HelloMyApp.app; sourceTree = BUILT_PRODUCTS_DIR; };
		6336C795247114700014F751 /* AppDelegate.swift */ = {isa = PBXFileReference; lastKnownFileType = sourcecode.swift; path = AppDelegate.swift; sourceTree = "<group>"; };
		6336C797247114700014F751 /* SceneDelegate.swift */ = {isa = PBXFileReference; lastKnownFileType = sourcecode.swift; path = SceneDelegate.swift; sourceTree = "<group>"; };
		6336C799247114700014F751 /* ViewController.swift */ = {isa = PBXFileReference; lastKnownFileType = sourcecode.swift; path = ViewController.swift; sourceTree = "<group>"; };
		6336C79C247114700014F751 /* Base */ = {isa = PBXFileReference; lastKnownFileType = file.storyboard; name = Base; path = Base.lproj/Main.storyboard; sourceTree = "<group>"; };
		6336C79E247114710014F751 /* Assets.xcassets */ = {isa = PBXFileReference; lastKnownFileType = folder.assetcatalog; path = Assets.xcassets; sourceTree = "<group>"; };
		6336C7A1247114710014F751 /* Base */ = {isa = PBXFileReference; lastKnownFileType = file.storyboard; name = Base; path = Base.lproj/LaunchScreen.storyboard; sourceTree = "<group>"; };
		6336C7A3247114710014F751 /* Info.plist */ = {isa = PBXFileReference; lastKnownFileType = text.plist.xml; path = Info.plist; sourceTree = "<group>"; };
		634D29A2247A14820007C7A1 /* Question.swift */ = {isa = PBXFileReference; lastKnownFileType = sourcecode.swift; path = Question.swift; sourceTree = "<group>"; };
		634D29A4247A154A0007C7A1 /* QuestionBank.swift */ = {isa = PBXFileReference; lastKnownFileType = sourcecode.swift; path = QuestionBank.swift; sourceTree = "<group>"; };
		634D29A9247A22DD0007C7A1 /* HelloMyApp-Bridging-Header.h */ = {isa = PBXFileReference; lastKnownFileType = sourcecode.c.h; path = "HelloMyApp-Bridging-Header.h"; sourceTree = "<group>"; };
		634D29AA247A22DD0007C7A1 /* ProgressHUD.bundle */ = {isa = PBXFileReference; lastKnownFileType = "wrapper.plug-in"; path = ProgressHUD.bundle; sourceTree = "<group>"; };
		634D29AB247A22DE0007C7A1 /* ProgressHUD.m */ = {isa = PBXFileReference; fileEncoding = 4; lastKnownFileType = sourcecode.c.objc; path = ProgressHUD.m; sourceTree = "<group>"; };
		634D29AC247A22DE0007C7A1 /* ProgressHUD.h */ = {isa = PBXFileReference; fileEncoding = 4; lastKnownFileType = sourcecode.c.h; path = ProgressHUD.h; sourceTree = "<group>"; };
		B04484008D91D47534B8F6FD /* Pods_HelloMyApp.framework */ = {isa = PBXFileReference; explicitFileType = wrapper.framework; includeInIndex = 0; path = Pods_HelloMyApp.framework; sourceTree = BUILT_PRODUCTS_DIR; };
		C8FBCA3783AB491156CA1E1D /* Pods-HelloMyApp.debug.xcconfig */ = {isa = PBXFileReference; includeInIndex = 1; lastKnownFileType = text.xcconfig; name = "Pods-HelloMyApp.debug.xcconfig"; path = "Target Support Files/Pods-HelloMyApp/Pods-HelloMyApp.debug.xcconfig"; sourceTree = "<group>"; };
		FB34E9D787DB509084DA23F9 /* Pods-HelloMyApp.release.xcconfig */ = {isa = PBXFileReference; includeInIndex = 1; lastKnownFileType = text.xcconfig; name = "Pods-HelloMyApp.release.xcconfig"; path = "Target Support Files/Pods-HelloMyApp/Pods-HelloMyApp.release.xcconfig"; sourceTree = "<group>"; };
/* End PBXFileReference section */

/* Begin PBXFrameworksBuildPhase section */
		6336C78F247114700014F751 /* Frameworks */ = {
			isa = PBXFrameworksBuildPhase;
			buildActionMask = 2147483647;
			files = (
				D0E9C7F3343AC8CB75CB65DC /* Pods_HelloMyApp.framework in Frameworks */,
			);
			runOnlyForDeploymentPostprocessing = 0;
		};
/* End PBXFrameworksBuildPhase section */

/* Begin PBXGroup section */
		573E9B710E5EB00ECBC50ABE /* Pods */ = {
			isa = PBXGroup;
			children = (
				C8FBCA3783AB491156CA1E1D /* Pods-HelloMyApp.debug.xcconfig */,
				FB34E9D787DB509084DA23F9 /* Pods-HelloMyApp.release.xcconfig */,
			);
			path = Pods;
			sourceTree = "<group>";
		};
		6314E5CC247751BB00D3B1E6 /* View */ = {
			isa = PBXGroup;
			children = (
				6336C7A0247114710014F751 /* LaunchScreen.storyboard */,
				6336C79B247114700014F751 /* Main.storyboard */,
			);
			path = View;
			sourceTree = "<group>";
		};
		6314E5CD247751C300D3B1E6 /* Model */ = {
			isa = PBXGroup;
			children = (
				634D29A2247A14820007C7A1 /* Question.swift */,
				634D29A4247A154A0007C7A1 /* QuestionBank.swift */,
			);
			path = Model;
			sourceTree = "<group>";
		};
		6314E5CE247751CA00D3B1E6 /* ViewController */ = {
			isa = PBXGroup;
			children = (
				6336C799247114700014F751 /* ViewController.swift */,
			);
			path = ViewController;
			sourceTree = "<group>";
		};
		6314E5CF247751E000D3B1E6 /* Resources */ = {
			isa = PBXGroup;
			children = (
				6314E5D12477521C00D3B1E6 /* Helper */,
				6314E5D02477521000D3B1E6 /* Images */,
			);
			path = Resources;
			sourceTree = "<group>";
		};
		6314E5D02477521000D3B1E6 /* Images */ = {
			isa = PBXGroup;
			children = (
			);
			path = Images;
			sourceTree = "<group>";
		};
		6314E5D12477521C00D3B1E6 /* Helper */ = {
			isa = PBXGroup;
			children = (
			);
			path = Helper;
			sourceTree = "<group>";
		};
		6336C789247114700014F751 = {
			isa = PBXGroup;
			children = (
				6336C794247114700014F751 /* HelloMyApp */,
				6336C793247114700014F751 /* Products */,
				573E9B710E5EB00ECBC50ABE /* Pods */,
				DD24945BDFE72D4A19AF5876 /* Frameworks */,
			);
			sourceTree = "<group>";
		};
		6336C793247114700014F751 /* Products */ = {
			isa = PBXGroup;
			children = (
				6336C792247114700014F751 /* HelloMyApp.app */,
			);
			name = Products;
			sourceTree = "<group>";
		};
		6336C794247114700014F751 /* HelloMyApp */ = {
			isa = PBXGroup;
			children = (
				634D29A6247A21D40007C7A1 /* Supporting Files */,
				6314E5CF247751E000D3B1E6 /* Resources */,
				6314E5CE247751CA00D3B1E6 /* ViewController */,
				6314E5CD247751C300D3B1E6 /* Model */,
				6314E5CC247751BB00D3B1E6 /* View */,
				6336C795247114700014F751 /* AppDelegate.swift */,
				6336C797247114700014F751 /* SceneDelegate.swift */,
				6336C79E247114710014F751 /* Assets.xcassets */,
				6336C7A3247114710014F751 /* Info.plist */,
			);
			path = HelloMyApp;
			sourceTree = "<group>";
		};
		634D29A6247A21D40007C7A1 /* Supporting Files */ = {
			isa = PBXGroup;
			children = (
				634D29AA247A22DD0007C7A1 /* ProgressHUD.bundle */,
				634D29AC247A22DE0007C7A1 /* ProgressHUD.h */,
				634D29AB247A22DE0007C7A1 /* ProgressHUD.m */,
				634D29A9247A22DD0007C7A1 /* HelloMyApp-Bridging-Header.h */,
			);
			path = "Supporting Files";
			sourceTree = "<group>";
		};
		DD24945BDFE72D4A19AF5876 /* Frameworks */ = {
			isa = PBXGroup;
			children = (
				B04484008D91D47534B8F6FD /* Pods_HelloMyApp.framework */,
			);
			name = Frameworks;
			sourceTree = "<group>";
		};
/* End PBXGroup section */

/* Begin PBXNativeTarget section */
		6336C791247114700014F751 /* HelloMyApp */ = {
			isa = PBXNativeTarget;
			buildConfigurationList = 6336C7A6247114710014F751 /* Build configuration list for PBXNativeTarget "HelloMyApp" */;
			buildPhases = (
				79F23DC9814CCD3E11AA2FE3 /* [CP] Check Pods Manifest.lock */,
				6336C78E247114700014F751 /* Sources */,
				6336C78F247114700014F751 /* Frameworks */,
				6336C790247114700014F751 /* Resources */,
				23EAF39FF880584685604E2D /* [CP] Embed Pods Frameworks */,
			);
			buildRules = (
			);
			dependencies = (
			);
			name = HelloMyApp;
			productName = HelloMyApp;
			productReference = 6336C792247114700014F751 /* HelloMyApp.app */;
			productType = "com.apple.product-type.application";
		};
/* End PBXNativeTarget section */

/* Begin PBXProject section */
		6336C78A247114700014F751 /* Project object */ = {
			isa = PBXProject;
			attributes = {
				LastSwiftUpdateCheck = 1140;
				LastUpgradeCheck = 1140;
				ORGANIZATIONNAME = "Phong Toan Huu";
				TargetAttributes = {
					6336C791247114700014F751 = {
						CreatedOnToolsVersion = 11.4.1;
						LastSwiftMigration = 1150;
					};
				};
			};
			buildConfigurationList = 6336C78D247114700014F751 /* Build configuration list for PBXProject "HelloMyApp" */;
			compatibilityVersion = "Xcode 9.3";
			developmentRegion = en;
			hasScannedForEncodings = 0;
			knownRegions = (
				en,
				Base,
			);
			mainGroup = 6336C789247114700014F751;
			productRefGroup = 6336C793247114700014F751 /* Products */;
			projectDirPath = "";
			projectRoot = "";
			targets = (
				6336C791247114700014F751 /* HelloMyApp */,
			);
		};
/* End PBXProject section */

/* Begin PBXResourcesBuildPhase section */
		6336C790247114700014F751 /* Resources */ = {
			isa = PBXResourcesBuildPhase;
			buildActionMask = 2147483647;
			files = (
				634D29AD247A22DE0007C7A1 /* ProgressHUD.bundle in Resources */,
				6336C7A2247114710014F751 /* LaunchScreen.storyboard in Resources */,
				6336C79F247114710014F751 /* Assets.xcassets in Resources */,
				6336C79D247114700014F751 /* Main.storyboard in Resources */,
			);
			runOnlyForDeploymentPostprocessing = 0;
		};
/* End PBXResourcesBuildPhase section */

/* Begin PBXShellScriptBuildPhase section */
		23EAF39FF880584685604E2D /* [CP] Embed Pods Frameworks */ = {
			isa = PBXShellScriptBuildPhase;
			buildActionMask = 2147483647;
			files = (
			);
			inputFileListPaths = (
				"${PODS_ROOT}/Target Support Files/Pods-HelloMyApp/Pods-HelloMyApp-frameworks-${CONFIGURATION}-input-files.xcfilelist",
			);
			name = "[CP] Embed Pods Frameworks";
			outputFileListPaths = (
				"${PODS_ROOT}/Target Support Files/Pods-HelloMyApp/Pods-HelloMyApp-frameworks-${CONFIGURATION}-output-files.xcfilelist",
			);
			runOnlyForDeploymentPostprocessing = 0;
			shellPath = /bin/sh;
			shellScript = "\"${PODS_ROOT}/Target Support Files/Pods-HelloMyApp/Pods-HelloMyApp-frameworks.sh\"\n";
			showEnvVarsInLog = 0;
		};
		79F23DC9814CCD3E11AA2FE3 /* [CP] Check Pods Manifest.lock */ = {
			isa = PBXShellScriptBuildPhase;
			buildActionMask = 2147483647;
			files = (
			);
			inputFileListPaths = (
			);
			inputPaths = (
				"${PODS_PODFILE_DIR_PATH}/Podfile.lock",
				"${PODS_ROOT}/Manifest.lock",
			);
			name = "[CP] Check Pods Manifest.lock";
			outputFileListPaths = (
			);
			outputPaths = (
				"$(DERIVED_FILE_DIR)/Pods-HelloMyApp-checkManifestLockResult.txt",
			);
			runOnlyForDeploymentPostprocessing = 0;
			shellPath = /bin/sh;
			shellScript = "diff \"${PODS_PODFILE_DIR_PATH}/Podfile.lock\" \"${PODS_ROOT}/Manifest.lock\" > /dev/null\nif [ $? != 0 ] ; then\n    # print error to STDERR\n    echo \"error: The sandbox is not in sync with the Podfile.lock. Run 'pod install' or update your CocoaPods installation.\" >&2\n    exit 1\nfi\n# This output is used by Xcode 'outputs' to avoid re-running this script phase.\necho \"SUCCESS\" > \"${SCRIPT_OUTPUT_FILE_0}\"\n";
			showEnvVarsInLog = 0;
		};
/* End PBXShellScriptBuildPhase section */

/* Begin PBXSourcesBuildPhase section */
		6336C78E247114700014F751 /* Sources */ = {
			isa = PBXSourcesBuildPhase;
			buildActionMask = 2147483647;
			files = (
				634D29AE247A22DE0007C7A1 /* ProgressHUD.m in Sources */,
				6336C79A247114700014F751 /* ViewController.swift in Sources */,
				634D29A3247A14820007C7A1 /* Question.swift in Sources */,
				6336C796247114700014F751 /* AppDelegate.swift in Sources */,
				634D29A5247A154A0007C7A1 /* QuestionBank.swift in Sources */,
				6336C798247114700014F751 /* SceneDelegate.swift in Sources */,
			);
			runOnlyForDeploymentPostprocessing = 0;
		};
/* End PBXSourcesBuildPhase section */

/* Begin PBXVariantGroup section */
		6336C79B247114700014F751 /* Main.storyboard */ = {
			isa = PBXVariantGroup;
			children = (
				6336C79C247114700014F751 /* Base */,
			);
			name = Main.storyboard;
			sourceTree = "<group>";
		};
		6336C7A0247114710014F751 /* LaunchScreen.storyboard */ = {
			isa = PBXVariantGroup;
			children = (
				6336C7A1247114710014F751 /* Base */,
			);
			name = LaunchScreen.storyboard;
			sourceTree = "<group>";
		};
/* End PBXVariantGroup section */

/* Begin XCBuildConfiguration section */
		6336C7A4247114710014F751 /* Debug */ = {
			isa = XCBuildConfiguration;
			buildSettings = {
				ALWAYS_SEARCH_USER_PATHS = NO;
				CLANG_ANALYZER_NONNULL = YES;
				CLANG_ANALYZER_NUMBER_OBJECT_CONVERSION = YES_AGGRESSIVE;
				CLANG_CXX_LANGUAGE_STANDARD = "gnu++14";
				CLANG_CXX_LIBRARY = "libc++";
				CLANG_ENABLE_MODULES = YES;
				CLANG_ENABLE_OBJC_ARC = YES;
				CLANG_ENABLE_OBJC_WEAK = YES;
				CLANG_WARN_BLOCK_CAPTURE_AUTORELEASING = YES;
				CLANG_WARN_BOOL_CONVERSION = YES;
				CLANG_WARN_COMMA = YES;
				CLANG_WARN_CONSTANT_CONVERSION = YES;
				CLANG_WARN_DEPRECATED_OBJC_IMPLEMENTATIONS = YES;
				CLANG_WARN_DIRECT_OBJC_ISA_USAGE = YES_ERROR;
				CLANG_WARN_DOCUMENTATION_COMMENTS = YES;
				CLANG_WARN_EMPTY_BODY = YES;
				CLANG_WARN_ENUM_CONVERSION = YES;
				CLANG_WARN_INFINITE_RECURSION = YES;
				CLANG_WARN_INT_CONVERSION = YES;
				CLANG_WARN_NON_LITERAL_NULL_CONVERSION = YES;
				CLANG_WARN_OBJC_IMPLICIT_RETAIN_SELF = YES;
				CLANG_WARN_OBJC_LITERAL_CONVERSION = YES;
				CLANG_WARN_OBJC_ROOT_CLASS = YES_ERROR;
				CLANG_WARN_RANGE_LOOP_ANALYSIS = YES;
				CLANG_WARN_STRICT_PROTOTYPES = YES;
				CLANG_WARN_SUSPICIOUS_MOVE = YES;
				CLANG_WARN_UNGUARDED_AVAILABILITY = YES_AGGRESSIVE;
				CLANG_WARN_UNREACHABLE_CODE = YES;
				CLANG_WARN__DUPLICATE_METHOD_MATCH = YES;
				CODE_SIGN_IDENTITY = "Apple Development";
				COPY_PHASE_STRIP = NO;
				DEBUG_INFORMATION_FORMAT = dwarf;
				ENABLE_STRICT_OBJC_MSGSEND = YES;
				ENABLE_TESTABILITY = YES;
				GCC_C_LANGUAGE_STANDARD = gnu11;
				GCC_DYNAMIC_NO_PIC = NO;
				GCC_NO_COMMON_BLOCKS = YES;
				GCC_OPTIMIZATION_LEVEL = 0;
				GCC_PREPROCESSOR_DEFINITIONS = (
					"DEBUG=1",
					"$(inherited)",
				);
				GCC_WARN_64_TO_32_BIT_CONVERSION = YES;
				GCC_WARN_ABOUT_RETURN_TYPE = YES_ERROR;
				GCC_WARN_UNDECLARED_SELECTOR = YES;
				GCC_WARN_UNINITIALIZED_AUTOS = YES_AGGRESSIVE;
				GCC_WARN_UNUSED_FUNCTION = YES;
				GCC_WARN_UNUSED_VARIABLE = YES;
				IPHONEOS_DEPLOYMENT_TARGET = 13.5;
				MTL_ENABLE_DEBUG_INFO = INCLUDE_SOURCE;
				MTL_FAST_MATH = YES;
				ONLY_ACTIVE_ARCH = YES;
				SDKROOT = iphoneos;
				SWIFT_ACTIVE_COMPILATION_CONDITIONS = DEBUG;
				SWIFT_OPTIMIZATION_LEVEL = "-Onone";
			};
			name = Debug;
		};
		6336C7A5247114710014F751 /* Release */ = {
			isa = XCBuildConfiguration;
			buildSettings = {
				ALWAYS_SEARCH_USER_PATHS = NO;
				CLANG_ANALYZER_NONNULL = YES;
				CLANG_ANALYZER_NUMBER_OBJECT_CONVERSION = YES_AGGRESSIVE;
				CLANG_CXX_LANGUAGE_STANDARD = "gnu++14";
				CLANG_CXX_LIBRARY = "libc++";
				CLANG_ENABLE_MODULES = YES;
				CLANG_ENABLE_OBJC_ARC = YES;
				CLANG_ENABLE_OBJC_WEAK = YES;
				CLANG_WARN_BLOCK_CAPTURE_AUTORELEASING = YES;
				CLANG_WARN_BOOL_CONVERSION = YES;
				CLANG_WARN_COMMA = YES;
				CLANG_WARN_CONSTANT_CONVERSION = YES;
				CLANG_WARN_DEPRECATED_OBJC_IMPLEMENTATIONS = YES;
				CLANG_WARN_DIRECT_OBJC_ISA_USAGE = YES_ERROR;
				CLANG_WARN_DOCUMENTATION_COMMENTS = YES;
				CLANG_WARN_EMPTY_BODY = YES;
				CLANG_WARN_ENUM_CONVERSION = YES;
				CLANG_WARN_INFINITE_RECURSION = YES;
				CLANG_WARN_INT_CONVERSION = YES;
				CLANG_WARN_NON_LITERAL_NULL_CONVERSION = YES;
				CLANG_WARN_OBJC_IMPLICIT_RETAIN_SELF = YES;
				CLANG_WARN_OBJC_LITERAL_CONVERSION = YES;
				CLANG_WARN_OBJC_ROOT_CLASS = YES_ERROR;
				CLANG_WARN_RANGE_LOOP_ANALYSIS = YES;
				CLANG_WARN_STRICT_PROTOTYPES = YES;
				CLANG_WARN_SUSPICIOUS_MOVE = YES;
				CLANG_WARN_UNGUARDED_AVAILABILITY = YES_AGGRESSIVE;
				CLANG_WARN_UNREACHABLE_CODE = YES;
				CLANG_WARN__DUPLICATE_METHOD_MATCH = YES;
				CODE_SIGN_IDENTITY = "Apple Development";
				COPY_PHASE_STRIP = NO;
				DEBUG_INFORMATION_FORMAT = "dwarf-with-dsym";
				ENABLE_NS_ASSERTIONS = NO;
				ENABLE_STRICT_OBJC_MSGSEND = YES;
				GCC_C_LANGUAGE_STANDARD = gnu11;
				GCC_NO_COMMON_BLOCKS = YES;
				GCC_WARN_64_TO_32_BIT_CONVERSION = YES;
				GCC_WARN_ABOUT_RETURN_TYPE = YES_ERROR;
				GCC_WARN_UNDECLARED_SELECTOR = YES;
				GCC_WARN_UNINITIALIZED_AUTOS = YES_AGGRESSIVE;
				GCC_WARN_UNUSED_FUNCTION = YES;
				GCC_WARN_UNUSED_VARIABLE = YES;
				IPHONEOS_DEPLOYMENT_TARGET = 13.5;
				MTL_ENABLE_DEBUG_INFO = NO;
				MTL_FAST_MATH = YES;
				SDKROOT = iphoneos;
				SWIFT_COMPILATION_MODE = wholemodule;
				SWIFT_OPTIMIZATION_LEVEL = "-O";
				VALIDATE_PRODUCT = YES;
			};
			name = Release;
		};
		6336C7A7247114710014F751 /* Debug */ = {
			isa = XCBuildConfiguration;
			baseConfigurationReference = C8FBCA3783AB491156CA1E1D /* Pods-HelloMyApp.debug.xcconfig */;
			buildSettings = {
				ASSETCATALOG_COMPILER_APPICON_NAME = AppIcon;
				CLANG_ENABLE_MODULES = YES;
				CODE_SIGN_STYLE = Automatic;
				DEVELOPMENT_TEAM = 2L5KM4GF42;
				INFOPLIST_FILE = HelloMyApp/Info.plist;
				LD_RUNPATH_SEARCH_PATHS = (
					"$(inherited)",
					"@executable_path/Frameworks",
				);
				PRODUCT_BUNDLE_IDENTIFIER = com.huup.HelloMyApp;
				PRODUCT_NAME = "$(TARGET_NAME)";
				SWIFT_OBJC_BRIDGING_HEADER = "HelloMyApp/Supporting Files/HelloMyApp-Bridging-Header.h";
				SWIFT_OPTIMIZATION_LEVEL = "-Onone";
				SWIFT_VERSION = 5.0;
				TARGETED_DEVICE_FAMILY = 1;
			};
			name = Debug;
		};
		6336C7A8247114710014F751 /* Release */ = {
			isa = XCBuildConfiguration;
			baseConfigurationReference = FB34E9D787DB509084DA23F9 /* Pods-HelloMyApp.release.xcconfig */;
			buildSettings = {
				ASSETCATALOG_COMPILER_APPICON_NAME = AppIcon;
				CLANG_ENABLE_MODULES = YES;
				CODE_SIGN_STYLE = Automatic;
				DEVELOPMENT_TEAM = 2L5KM4GF42;
				INFOPLIST_FILE = HelloMyApp/Info.plist;
				LD_RUNPATH_SEARCH_PATHS = (
					"$(inherited)",
					"@executable_path/Frameworks",
				);
				PRODUCT_BUNDLE_IDENTIFIER = com.huup.HelloMyApp;
				PRODUCT_NAME = "$(TARGET_NAME)";
				SWIFT_OBJC_BRIDGING_HEADER = "HelloMyApp/Supporting Files/HelloMyApp-Bridging-Header.h";
				SWIFT_VERSION = 5.0;
				TARGETED_DEVICE_FAMILY = 1;
			};
			name = Release;
		};
/* End XCBuildConfiguration section */

/* Begin XCConfigurationList section */
		6336C78D247114700014F751 /* Build configuration list for PBXProject "HelloMyApp" */ = {
			isa = XCConfigurationList;
			buildConfigurations = (
				6336C7A4247114710014F751 /* Debug */,
				6336C7A5247114710014F751 /* Release */,
			);
			defaultConfigurationIsVisible = 0;
			defaultConfigurationName = Debug;
		};
		6336C7A6247114710014F751 /* Build configuration list for PBXNativeTarget "HelloMyApp" */ = {
			isa = XCConfigurationList;
			buildConfigurations = (
				6336C7A7247114710014F751 /* Debug */,
				6336C7A8247114710014F751 /* Release */,
			);
			defaultConfigurationIsVisible = 0;
			defaultConfigurationName = Debug;
		};
/* End XCConfigurationList section */
	};
	rootObject = 6336C78A247114700014F751 /* Project object */;
}
